{
  "name": "@hecaton/core",
  "version": "0.0.1",
  "lockfileVersion": 3,
  "requires": true,
  "packages": {
    "": {
      "name": "@hecaton/core",
      "version": "0.0.1",
      "dependencies": {
        "uuid": "^14.0.1",
        "zod": "^3.23"
      },
      "devDependencies": {
        "@types/uuid": "^11.0.0",
        "fast-check": "^3.22.0"
      }
    },
    "../../node_modules/.pnpm/fast-check@3.23.2/node_modules/fast-check": {
      "version": "3.23.2",
      "dev": true,
      "funding": [
        {
          "type": "individual",
          "url": "https://github.com/sponsors/dubzzz"
        },
        {
          "type": "opencollective",
          "url": "https://opencollective.com/fast-check"
        }
      ],
      "license": "MIT",
      "dependencies": {
        "pure-rand": "^6.1.0"
      },
      "devDependencies": {
        "@fast-check/expect-type": "0.2.0",
        "@fast-check/poisoning": "0.2.2",
        "@microsoft/api-extractor": "^7.48.0",
        "@types/node": "^20.14.15",
        "@vitest/coverage-v8": "^2.1.8",
        "cross-env": "^7.0.3",
        "glob": "^11.0.0",
        "not-node-buffer": "npm:buffer@^6.0.3",
        "regexp-tree": "^0.1.27",
        "replace-in-file": "^8.2.0",
        "typedoc": "^0.27.4",
        "typescript": "~5.7.2",
        "vitest": "^2.1.8"
      },
      "engines": {
        "node": ">=8.0.0"
      }
    },
    "../../node_modules/.pnpm/zod@3.25.76/node_modules/zod": {
      "version": "3.25.76",
      "license": "MIT",
      "funding": {
        "url": "https://github.com/sponsors/colinhacks"
      }
    },
    "node_modules/@types/uuid": {
      "version": "11.0.0",
      "resolved": "https://registry.npmjs.org/@types/uuid/-/uuid-11.0.0.tgz",
      "integrity": "sha512-HVyk8nj2m+jcFRNazzqyVKiZezyhDKrGUA3jlEcg/nZ6Ms+qHwocba1Y/AaVaznJTAM9xpdFSh+ptbNrhOGvZA==",
      "deprecated": "This is a stub types definition. uuid provides its own type definitions, so you do not need this installed.",
      "dev": true,
      "license": "MIT",
      "dependencies": {
        "uuid": "*"
      }
    },
    "node_modules/fast-check": {
      "resolved": "../../node_modules/.pnpm/fast-check@3.23.2/node_modules/fast-check",
      "link": true
    },
    "node_modules/uuid": {
      "version": "14.0.1",
      "resolved": "https://registry.npmjs.org/uuid/-/uuid-14.0.1.tgz",
      "integrity": "sha512-6ZxzVpzDXDa3bJWaHilVayA+BH/1zmxCJoVgvmqJnid/gPoKHxUrS/aC/T6LGQtNHT+XHG9fXPJB4d+IrU30Ew==",
      "funding": [
        "https://github.com/sponsors/broofa",
        "https://github.com/sponsors/ctavan"
      ],
      "license": "MIT",
      "bin": {
        "uuid": "dist-node/bin/uuid"
      }
    },
    "node_modules/zod": {
      "resolved": "../../node_modules/.pnpm/zod@3.25.76/node_modules/zod",
      "link": true
    }
  }
}
